
Microsoft Visual Studio Solution File, Format Version 12.00
# Visual Studio Version 17
VisualStudioVersion = 17.6.33829.357
MinimumVisualStudioVersion = 10.0.40219.1
Project("{8BC9CEB8-8B4A-11D0-8D11-00A0C91BC942}") = "Ancient", "Ancient.vcxproj", "{9EA0A49E-A5DB-4A8A-B63D-FED0ACD8E059}"
EndProject
Global
	GlobalSection(SolutionConfigurationPlatforms) = preSolution
		Debug|x64 = Debug|x64
		Debug|x86 = Debug|x86
		Release_Clang|x64 = Release_Clang|x64
		Release_Clang|x86 = Release_Clang|x86
		Release|x64 = Release|x64
		Release|x86 = Release|x86
	EndGlobalSection
	GlobalSection(ProjectConfigurationPlatforms) = postSolution
		{9EA0A49E-A5DB-4A8A-B63D-FED0ACD8E059}.Debug|x64.ActiveCfg = Debug|x64
		{9EA0A49E-A5DB-4A8A-B63D-FED0ACD8E059}.Debug|x64.Build.0 = Debug|x64
		{9EA0A49E-A5DB-4A8A-B63D-FED0ACD8E059}.Debug|x86.ActiveCfg = Debug|Win32
		{9EA0A49E-A5DB-4A8A-B63D-FED0ACD8E059}.Debug|x86.Build.0 = Debug|Win32
		{9EA0A49E-A5DB-4A8A-B63D-FED0ACD8E059}.Release_Clang|x64.ActiveCfg = Release_Clang|x64
		{9EA0A49E-A5DB-4A8A-B63D-FED0ACD8E059}.Release_Clang|x64.Build.0 = Release_Clang|x64
		{9EA0A49E-A5DB-4A8A-B63D-FED0ACD8E059}.Release_Clang|x86.ActiveCfg = Release_Clang|Win32
		{9EA0A49E-A5DB-4A8A-B63D-FED0ACD8E059}.Release_Clang|x86.Build.0 = Release_Clang|Win32
		{9EA0A49E-A5DB-4A8A-B63D-FED0ACD8E059}.Release|x64.ActiveCfg = Release|x64
		{9EA0A49E-A5DB-4A8A-B63D-FED0ACD8E059}.Release|x64.Build.0 = Release|x64
		{9EA0A49E-A5DB-4A8A-B63D-FED0ACD8E059}.Release|x86.ActiveCfg = Release|Win32
		{9EA0A49E-A5DB-4A8A-B63D-FED0ACD8E059}.Release|x86.Build.0 = Release|Win32
	EndGlobalSection
	GlobalSection(SolutionProperties) = preSolution
		HideSolutionNode = FALSE
	EndGlobalSection
	GlobalSection(ExtensibilityGlobals) = postSolution
		SolutionGuid = {9E9F4192-A9FA-4938-95EE-1CB72564517A}
	EndGlobalSection
EndGlobal
